
Microsoft Visual Studio Solution File, Format Version 12.00
# Visual Studio Version 16
VisualStudioVersion = 16.0.33801.447
MinimumVisualStudioVersion = 10.0.40219.1
Project("{FAE04EC0-301F-11D3-BF4B-00C04F79EFBC}") = "PurePillow", "PurePillow\PurePillow.csproj", "{43F51732-2159-4733-9F6C-6D9196B19DB6}"
EndProject
Global
	GlobalSection(SolutionConfigurationPlatforms) = preSolution
		Debug|Any CPU = Debug|Any CPU
		Release|Any CPU = Release|Any CPU
	EndGlobalSection
	GlobalSection(ProjectConfigurationPlatforms) = postSolution
		{43F51732-2159-4733-9F6C-6D9196B19DB6}.Debug|Any CPU.ActiveCfg = Debug|Any CPU
		{43F51732-2159-4733-9F6C-6D9196B19DB6}.Debug|Any CPU.Build.0 = Debug|Any CPU
		{43F51732-2159-4733-9F6C-6D9196B19DB6}.Release|Any CPU.ActiveCfg = Release|Any CPU
		{43F51732-2159-4733-9F6C-6D9196B19DB6}.Release|Any CPU.Build.0 = Release|Any CPU
	EndGlobalSection
	GlobalSection(SolutionProperties) = preSolution
		HideSolutionNode = FALSE
	EndGlobalSection
	GlobalSection(ExtensibilityGlobals) = postSolution
		SolutionGuid = {1D503E91-23C5-426E-83C5-7EFF1E12E513}
	EndGlobalSection
EndGlobal
